
Microsoft Visual Studio Solution File, Format Version 12.00
# Visual Studio Version 17
VisualStudioVersion = 17.14.36414.22 d17.14
MinimumVisualStudioVersion = 10.0.40219.1
Project("{FAE04EC0-301F-11D3-BF4B-00C04F79EFBC}") = "kartk_1", "kartk_1\kartk_1.csproj", "{BE652C11-3CB5-4335-A5FB-D3FA83625082}"
EndProject
Project("{FAE04EC0-301F-11D3-BF4B-00C04F79EFBC}") = "kartk_2", "kartk_2\kartk_2.csproj", "{867DE6FD-2986-4490-B72B-45D862B2D73D}"
EndProject
Project("{FAE04EC0-301F-11D3-BF4B-00C04F79EFBC}") = "Kartk_3", "Kartk_3\Kartk_3.csproj", "{E39AE359-313D-4444-AB27-F54C1F8790FD}"
EndProject
Global
	GlobalSection(SolutionConfigurationPlatforms) = preSolution
		Debug|Any CPU = Debug|Any CPU
		Release|Any CPU = Release|Any CPU
	EndGlobalSection
	GlobalSection(ProjectConfigurationPlatforms) = postSolution
		{BE652C11-3CB5-4335-A5FB-D3FA83625082}.Debug|Any CPU.ActiveCfg = Debug|Any CPU
		{BE652C11-3CB5-4335-A5FB-D3FA83625082}.Debug|Any CPU.Build.0 = Debug|Any CPU
		{BE652C11-3CB5-4335-A5FB-D3FA83625082}.Release|Any CPU.ActiveCfg = Release|Any CPU
		{BE652C11-3CB5-4335-A5FB-D3FA83625082}.Release|Any CPU.Build.0 = Release|Any CPU
		{867DE6FD-2986-4490-B72B-45D862B2D73D}.Debug|Any CPU.ActiveCfg = Debug|Any CPU
		{867DE6FD-2986-4490-B72B-45D862B2D73D}.Debug|Any CPU.Build.0 = Debug|Any CPU
		{867DE6FD-2986-4490-B72B-45D862B2D73D}.Release|Any CPU.ActiveCfg = Release|Any CPU
		{867DE6FD-2986-4490-B72B-45D862B2D73D}.Release|Any CPU.Build.0 = Release|Any CPU
		{E39AE359-313D-4444-AB27-F54C1F8790FD}.Debug|Any CPU.ActiveCfg = Debug|Any CPU
		{E39AE359-313D-4444-AB27-F54C1F8790FD}.Debug|Any CPU.Build.0 = Debug|Any CPU
		{E39AE359-313D-4444-AB27-F54C1F8790FD}.Release|Any CPU.ActiveCfg = Release|Any CPU
		{E39AE359-313D-4444-AB27-F54C1F8790FD}.Release|Any CPU.Build.0 = Release|Any CPU
	EndGlobalSection
	GlobalSection(SolutionProperties) = preSolution
		HideSolutionNode = FALSE
	EndGlobalSection
	GlobalSection(ExtensibilityGlobals) = postSolution
		SolutionGuid = {B0E9DB99-9C3C-4FAA-A76A-B9635814BD43}
	EndGlobalSection
EndGlobal
